
Microsoft Visual Studio Solution File, Format Version 12.00
# Visual Studio Version 17
VisualStudioVersion = 17.0.31717.71
MinimumVisualStudioVersion = 10.0.40219.1
Project("{9A19103F-16F7-4668-BE54-9A1E7A4F7556}") = "Bookshelf", "Bookshelf\Bookshelf.csproj", "{2EC01B23-BF7B-4328-BD72-22D242C52736}"
EndProject
Project("{FAE04EC0-301F-11D3-BF4B-00C04F79EFBC}") = "BookshelfDB", "BookshelfDB\BookshelfDB.csproj", "{C39F5BE1-6D36-4CF2-81D1-B381A89129AA}"
EndProject
Global
	GlobalSection(SolutionConfigurationPlatforms) = preSolution
		Debug|Any CPU = Debug|Any CPU
		Release|Any CPU = Release|Any CPU
	EndGlobalSection
	GlobalSection(ProjectConfigurationPlatforms) = postSolution
		{2EC01B23-BF7B-4328-BD72-22D242C52736}.Debug|Any CPU.ActiveCfg = Debug|Any CPU
		{2EC01B23-BF7B-4328-BD72-22D242C52736}.Debug|Any CPU.Build.0 = Debug|Any CPU
		{2EC01B23-BF7B-4328-BD72-22D242C52736}.Release|Any CPU.ActiveCfg = Release|Any CPU
		{2EC01B23-BF7B-4328-BD72-22D242C52736}.Release|Any CPU.Build.0 = Release|Any CPU
		{C39F5BE1-6D36-4CF2-81D1-B381A89129AA}.Debug|Any CPU.ActiveCfg = Debug|Any CPU
		{C39F5BE1-6D36-4CF2-81D1-B381A89129AA}.Debug|Any CPU.Build.0 = Debug|Any CPU
		{C39F5BE1-6D36-4CF2-81D1-B381A89129AA}.Release|Any CPU.ActiveCfg = Release|Any CPU
		{C39F5BE1-6D36-4CF2-81D1-B381A89129AA}.Release|Any CPU.Build.0 = Release|Any CPU
	EndGlobalSection
	GlobalSection(SolutionProperties) = preSolution
		HideSolutionNode = FALSE
	EndGlobalSection
	GlobalSection(ExtensibilityGlobals) = postSolution
		SolutionGuid = {3D555840-A68A-4F1A-83F3-BDD7CDE19951}
	EndGlobalSection
EndGlobal
